
Microsoft Visual Studio Solution File, Format Version 12.00
# Visual Studio Version 17
VisualStudioVersion = 17.8.34322.80
MinimumVisualStudioVersion = 10.0.40219.1
Project("{8BC9CEB8-8B4A-11D0-8D11-00A0C91BC942}") = "Library", "Library\Library.vcxproj", "{E68DF1B2-ED56-4FBB-84F4-E54C66B1C1EB}"
EndProject
Global
	GlobalSection(SolutionConfigurationPlatforms) = preSolution
		Debug|x64 = Debug|x64
		Debug|x86 = Debug|x86
		Release|x64 = Release|x64
		Release|x86 = Release|x86
	EndGlobalSection
	GlobalSection(ProjectConfigurationPlatforms) = postSolution
		{E68DF1B2-ED56-4FBB-84F4-E54C66B1C1EB}.Debug|x64.ActiveCfg = Debug|x64
		{E68DF1B2-ED56-4FBB-84F4-E54C66B1C1EB}.Debug|x64.Build.0 = Debug|x64
		{E68DF1B2-ED56-4FBB-84F4-E54C66B1C1EB}.Debug|x86.ActiveCfg = Debug|Win32
		{E68DF1B2-ED56-4FBB-84F4-E54C66B1C1EB}.Debug|x86.Build.0 = Debug|Win32
		{E68DF1B2-ED56-4FBB-84F4-E54C66B1C1EB}.Release|x64.ActiveCfg = Release|x64
		{E68DF1B2-ED56-4FBB-84F4-E54C66B1C1EB}.Release|x64.Build.0 = Release|x64
		{E68DF1B2-ED56-4FBB-84F4-E54C66B1C1EB}.Release|x86.ActiveCfg = Release|Win32
		{E68DF1B2-ED56-4FBB-84F4-E54C66B1C1EB}.Release|x86.Build.0 = Release|Win32
	EndGlobalSection
	GlobalSection(SolutionProperties) = preSolution
		HideSolutionNode = FALSE
	EndGlobalSection
	GlobalSection(ExtensibilityGlobals) = postSolution
		SolutionGuid = {BC3B4C4C-7B73-4BB4-9E24-F09239A729E5}
	EndGlobalSection
EndGlobal
