
Microsoft Visual Studio Solution File, Format Version 12.00
# Visual Studio Version 17
VisualStudioVersion = 17.8.34322.80
MinimumVisualStudioVersion = 10.0.40219.1
Project("{8BC9CEB8-8B4A-11D0-8D11-00A0C91BC942}") = "ZooMagazin", "ZooMagazin\ZooMagazin.vcxproj", "{36C2B76D-00A7-4EC5-896D-391A3F589A57}"
EndProject
Global
	GlobalSection(SolutionConfigurationPlatforms) = preSolution
		Debug|x64 = Debug|x64
		Debug|x86 = Debug|x86
		Release|x64 = Release|x64
		Release|x86 = Release|x86
	EndGlobalSection
	GlobalSection(ProjectConfigurationPlatforms) = postSolution
		{36C2B76D-00A7-4EC5-896D-391A3F589A57}.Debug|x64.ActiveCfg = Debug|x64
		{36C2B76D-00A7-4EC5-896D-391A3F589A57}.Debug|x64.Build.0 = Debug|x64
		{36C2B76D-00A7-4EC5-896D-391A3F589A57}.Debug|x86.ActiveCfg = Debug|Win32
		{36C2B76D-00A7-4EC5-896D-391A3F589A57}.Debug|x86.Build.0 = Debug|Win32
		{36C2B76D-00A7-4EC5-896D-391A3F589A57}.Release|x64.ActiveCfg = Release|x64
		{36C2B76D-00A7-4EC5-896D-391A3F589A57}.Release|x64.Build.0 = Release|x64
		{36C2B76D-00A7-4EC5-896D-391A3F589A57}.Release|x86.ActiveCfg = Release|Win32
		{36C2B76D-00A7-4EC5-896D-391A3F589A57}.Release|x86.Build.0 = Release|Win32
	EndGlobalSection
	GlobalSection(SolutionProperties) = preSolution
		HideSolutionNode = FALSE
	EndGlobalSection
	GlobalSection(ExtensibilityGlobals) = postSolution
		SolutionGuid = {285D65CB-9CA9-4B06-BE8E-499A569E654C}
	EndGlobalSection
EndGlobal
